
Microsoft Visual Studio Solution File, Format Version 12.00
# Visual Studio Version 17
VisualStudioVersion = 17.13.35919.96 d17.13
MinimumVisualStudioVersion = 10.0.40219.1
Project("{FAE04EC0-301F-11D3-BF4B-00C04F79EFBC}") = "FirstWPF", "FirstWPF\FirstWPF.csproj", "{302C3DDF-403E-4E86-81D9-85549DCF6BF8}"
EndProject
Global
	GlobalSection(SolutionConfigurationPlatforms) = preSolution
		Debug|Any CPU = Debug|Any CPU
		Release|Any CPU = Release|Any CPU
	EndGlobalSection
	GlobalSection(ProjectConfigurationPlatforms) = postSolution
		{302C3DDF-403E-4E86-81D9-85549DCF6BF8}.Debug|Any CPU.ActiveCfg = Debug|Any CPU
		{302C3DDF-403E-4E86-81D9-85549DCF6BF8}.Debug|Any CPU.Build.0 = Debug|Any CPU
		{302C3DDF-403E-4E86-81D9-85549DCF6BF8}.Release|Any CPU.ActiveCfg = Release|Any CPU
		{302C3DDF-403E-4E86-81D9-85549DCF6BF8}.Release|Any CPU.Build.0 = Release|Any CPU
	EndGlobalSection
	GlobalSection(SolutionProperties) = preSolution
		HideSolutionNode = FALSE
	EndGlobalSection
	GlobalSection(ExtensibilityGlobals) = postSolution
		SolutionGuid = {8512A681-24AE-4499-9738-783C1962C80C}
	EndGlobalSection
EndGlobal
